<?xml version="1.0" encoding="UTF-8" standalone="yes" ?>
<CodeBlocks_project_file>
	<FileVersion major="1" minor="6" />
	<Project>
		<Option title="StereoVision" />
		<Option pch_mode="2" />
		<Option compiler="gcc" />
		<Build>
			<Target title="Debug">
				<Option output="bin/Debug/StereoVision" prefix_auto="1" extension_auto="1" />
				<Option object_output="obj/Debug/" />
				<Option type="1" />
				<Option compiler="gcc" />
				<Compiler>
					<Add option="-std=c++11" />
					<Add option="-g" />
					<Add directory="../../../../../opencv/include/opencv" />
					<Add directory="../../../../../opencv/include/opencv2" />
				</Compiler>
				<Linker>
					<Add library="../../../../../opencv/build/lib/cv2.so" />
					<Add library="../../../../../opencv/build/lib/libopencv_stitching.so" />
					<Add library="../../../../../opencv/build/lib/libopencv_face.so" />
					<Add library="../../../../../opencv/build/lib/libopencv_sfm.so" />
					<Add library="../../../../../opencv/build/lib/libopencv_optflow.so" />
					<Add library="../../../../../opencv/build/lib/libopencv_ximgproc.so" />
					<Add library="../../../../../opencv/build/lib/libopencv_tracking.so" />
					<Add library="../../../../../opencv/build/lib/libopencv_xfeatures2d.so" />
					<Add library="../../../../../opencv/build/lib/libopencv_bgsegm.so" />
					<Add library="../../../../../opencv/build/lib/libopencv_aruco.so" />
					<Add library="../../../../../opencv/build/lib/libopencv_videostab.so" />
					<Add library="../../../../../opencv/build/lib/libopencv_structured_light.so" />
					<Add library="../../../../../opencv/build/lib/libopencv_rgbd.so" />
					<Add library="../../../../../opencv/build/lib/libopencv_stereo.so" />
					<Add library="../../../../../opencv/build/lib/libopencv_cvv.so" />
					<Add library="../../../../../opencv/build/lib/libopencv_ccalib.so" />
					<Add library="../../../../../opencv/build/lib/libopencv_datasets.so" />
					<Add library="../../../../../opencv/build/lib/libopencv_calib3d.so" />
					<Add library="../../../../../opencv/build/lib/libopencv_text.so" />
					<Add library="../../../../../opencv/build/lib/libopencv_saliency.so" />
					<Add library="../../../../../opencv/build/lib/libopencv_line_descriptor.so" />
					<Add library="../../../../../opencv/build/lib/libopencv_dnn_objdetect.so" />
					<Add library="../../../../../opencv/build/lib/libopencv_dnn.so" />
					<Add library="../../../../../opencv/build/lib/libopencv_features2d.so" />
					<Add library="../../../../../opencv/build/lib/libopencv_ts.a" />
					<Add library="../../../../../opencv/build/lib/libopencv_dpm.so" />
					<Add library="../../../../../opencv/build/lib/libopencv_bioinspired.so" />
					<Add library="../../../../../opencv/build/lib/libopencv_superres.so" />
					<Add library="../../../../../opencv/build/lib/libopencv_highgui.so" />
					<Add library="../../../../../opencv/build/lib/libopencv_videoio.so" />
					<Add library="../../../../../opencv/build/lib/libopencv_shape.so" />
					<Add library="../../../../../opencv/build/lib/libopencv_xobjdetect.so" />
					<Add library="../../../../../opencv/build/lib/libopencv_img_hash.so" />
					<Add library="../../../../../opencv/build/lib/libopencv_xphoto.so" />
					<Add library="../../../../../opencv/build/lib/libopencv_photo.so" />
					<Add library="../../../../../opencv/build/lib/libopencv_hfs.so" />
					<Add library="../../../../../opencv/build/lib/libopencv_fuzzy.so" />
					<Add library="../../../../../opencv/build/lib/libopencv_freetype.so" />
					<Add library="../../../../../opencv/build/lib/libopencv_video.so" />
					<Add library="../../../../../opencv/build/lib/libopencv_objdetect.so" />
					<Add library="../../../../../opencv/build/lib/libopencv_reg.so" />
					<Add library="../../../../../opencv/build/lib/libopencv_imgcodecs.so" />
					<Add library="../../../../../opencv/build/lib/libopencv_plot.so" />
					<Add library="../../../../../opencv/build/lib/libopencv_phase_unwrapping.so" />
					<Add library="../../../../../opencv/build/lib/libopencv_imgproc.so" />
					<Add library="../../../../../opencv/build/lib/libopencv_ml.so" />
					<Add library="../../../../../opencv/build/lib/libopencv_surface_matching.so" />
					<Add library="../../../../../opencv/build/lib/libopencv_flann.so" />
					<Add library="../../../../../opencv/build/lib/libopencv_hdf.so" />
					<Add library="../../../../../opencv/build/lib/libcorrespondence.a" />
					<Add library="../../../../../opencv/build/lib/libopencv_core.so" />
					<Add library="../../../../../opencv/build/lib/libmultiview.a" />
					<Add library="../../../../../opencv/build/lib/libopencv_test_cvv_pch_dephelp.a" />
					<Add library="../../../../../opencv/build/lib/libopencv_stitching_pch_dephelp.a" />
					<Add library="../../../../../opencv/build/lib/libopencv_perf_stitching_pch_dephelp.a" />
					<Add library="../../../../../opencv/build/lib/libnumeric.a" />
					<Add library="../../../../../opencv/build/lib/libopencv_test_stitching_pch_dephelp.a" />
					<Add library="../../../../../opencv/build/lib/libopencv_sfm_pch_dephelp.a" />
					<Add library="../../../../../opencv/build/lib/libopencv_test_sfm_pch_dephelp.a" />
					<Add library="../../../../../opencv/build/lib/libopencv_test_optflow_pch_dephelp.a" />
					<Add library="../../../../../opencv/build/lib/libopencv_optflow_pch_dephelp.a" />
					<Add library="../../../../../opencv/build/lib/libopencv_perf_optflow_pch_dephelp.a" />
					<Add library="../../../../../opencv/build/lib/libopencv_face_pch_dephelp.a" />
					<Add library="../../../../../opencv/build/lib/libopencv_test_face_pch_dephelp.a" />
					<Add library="../../../../../opencv/build/lib/libopencv_bgsegm_pch_dephelp.a" />
					<Add library="../../../../../opencv/build/lib/libopencv_test_bgsegm_pch_dephelp.a" />
					<Add library="../../../../../opencv/build/lib/libopencv_test_aruco_pch_dephelp.a" />
					<Add library="../../../../../opencv/build/lib/libopencv_test_ximgproc_pch_dephelp.a" />
					<Add library="../../../../../opencv/build/lib/libopencv_aruco_pch_dephelp.a" />
					<Add library="../../../../../opencv/build/lib/libopencv_ximgproc_pch_dephelp.a" />
					<Add library="../../../../../opencv/build/lib/libopencv_perf_ximgproc_pch_dephelp.a" />
					<Add library="../../../../../opencv/build/lib/libopencv_test_xfeatures2d_pch_dephelp.a" />
					<Add library="../../../../../opencv/build/lib/libopencv_xfeatures2d_pch_dephelp.a" />
					<Add library="../../../../../opencv/build/lib/libopencv_perf_xfeatures2d_pch_dephelp.a" />
					<Add library="../../../../../opencv/build/lib/libopencv_test_videostab_pch_dephelp.a" />
					<Add library="../../../../../opencv/build/lib/libopencv_videostab_pch_dephelp.a" />
					<Add library="../../../../../opencv/build/lib/libopencv_test_tracking_pch_dephelp.a" />
					<Add library="../../../../../opencv/build/lib/libopencv_perf_tracking_pch_dephelp.a" />
					<Add library="../../../../../opencv/build/lib/libopencv_tracking_pch_dephelp.a" />
					<Add library="../../../../../opencv/build/lib/libopencv_test_structured_light_pch_dephelp.a" />
					<Add library="../../../../../opencv/build/lib/libopencv_structured_light_pch_dephelp.a" />
					<Add library="../../../../../opencv/build/lib/libopencv_test_stereo_pch_dephelp.a" />
					<Add library="../../../../../opencv/build/lib/libopencv_stereo_pch_dephelp.a" />
					<Add library="../../../../../opencv/build/lib/libopencv_perf_stereo_pch_dephelp.a" />
					<Add library="../../../../../opencv/build/lib/libopencv_test_rgbd_pch_dephelp.a" />
					<Add library="../../../../../opencv/build/lib/libopencv_rgbd_pch_dephelp.a" />
					<Add library="../../../../../opencv/build/lib/libopencv_ccalib_pch_dephelp.a" />
					<Add library="../../../../../opencv/build/lib/libopencv_calib3d_pch_dephelp.a" />
					<Add library="../../../../../opencv/build/lib/libopencv_perf_calib3d_pch_dephelp.a" />
					<Add library="../../../../../opencv/build/lib/libopencv_test_calib3d_pch_dephelp.a" />
					<Add library="../../../../../opencv/build/lib/libopencv_test_text_pch_dephelp.a" />
					<Add library="../../../../../opencv/build/lib/libopencv_text_pch_dephelp.a" />
					<Add library="../../../../../opencv/build/lib/libopencv_saliency_pch_dephelp.a" />
					<Add library="../../../../../opencv/build/lib/libopencv_perf_line_descriptor_pch_dephelp.a" />
					<Add library="../../../../../opencv/build/lib/libopencv_line_descriptor_pch_dephelp.a" />
					<Add library="../../../../../opencv/build/lib/libopencv_test_line_descriptor_pch_dephelp.a" />
					<Add library="../../../../../opencv/build/lib/libopencv_perf_features2d_pch_dephelp.a" />
					<Add library="../../../../../opencv/build/lib/libopencv_features2d_pch_dephelp.a" />
					<Add library="../../../../../opencv/build/lib/libopencv_test_features2d_pch_dephelp.a" />
					<Add library="../../../../../opencv/build/lib/libopencv_dpm_pch_dephelp.a" />
					<Add library="../../../../../opencv/build/lib/libopencv_dnn_objdetect_pch_dephelp.a" />
					<Add library="../../../../../opencv/build/lib/libopencv_perf_bioinspired_pch_dephelp.a" />
					<Add library="../../../../../opencv/build/lib/libopencv_bioinspired_pch_dephelp.a" />
					<Add library="../../../../../opencv/build/lib/libopencv_test_bioinspired_pch_dephelp.a" />
					<Add library="../../../../../opencv/build/lib/libopencv_perf_superres_pch_dephelp.a" />
					<Add library="../../../../../opencv/build/lib/libopencv_superres_pch_dephelp.a" />
					<Add library="../../../../../opencv/build/lib/libopencv_test_superres_pch_dephelp.a" />
					<Add library="../../../../../opencv/build/lib/libopencv_test_highgui_pch_dephelp.a" />
					<Add library="../../../../../opencv/build/lib/libopencv_test_videoio_pch_dephelp.a" />
					<Add library="../../../../../opencv/build/lib/libopencv_perf_videoio_pch_dephelp.a" />
					<Add library="../../../../../opencv/build/lib/libopencv_xobjdetect_pch_dephelp.a" />
					<Add library="../../../../../opencv/build/lib/libopencv_test_shape_pch_dephelp.a" />
					<Add library="../../../../../opencv/build/lib/libopencv_perf_imgcodecs_pch_dephelp.a" />
					<Add library="../../../../../opencv/build/lib/libopencv_test_imgcodecs_pch_dephelp.a" />
					<Add library="../../../../../opencv/build/lib/libopencv_shape_pch_dephelp.a" />
					<Add library="../../../../../opencv/build/lib/libopencv_test_img_hash_pch_dephelp.a" />
					<Add library="../../../../../opencv/build/lib/libopencv_img_hash_pch_dephelp.a" />
					<Add library="../../../../../opencv/build/lib/libopencv_fuzzy_pch_dephelp.a" />
					<Add library="../../../../../opencv/build/lib/libopencv_test_fuzzy_pch_dephelp.a" />
					<Add library="../../../../../opencv/build/lib/libopencv_hfs_pch_dephelp.a" />
					<Add library="../../../../../opencv/build/lib/libopencv_perf_dnn_pch_dephelp.a" />
					<Add library="../../../../../opencv/build/lib/libopencv_freetype_pch_dephelp.a" />
					<Add library="../../../../../opencv/build/lib/libopencv_test_dnn_pch_dephelp.a" />
					<Add library="../../../../../opencv/build/lib/libopencv_perf_xphoto_pch_dephelp.a" />
					<Add library="../../../../../opencv/build/lib/libopencv_dnn_pch_dephelp.a" />
					<Add library="../../../../../opencv/build/lib/libopencv_test_xphoto_pch_dephelp.a" />
					<Add library="../../../../../opencv/build/lib/libopencv_perf_video_pch_dephelp.a" />
					<Add library="../../../../../opencv/build/lib/libopencv_video_pch_dephelp.a" />
					<Add library="../../../../../opencv/build/lib/libopencv_test_video_pch_dephelp.a" />
					<Add library="../../../../../opencv/build/lib/libopencv_surface_matching_pch_dephelp.a" />
					<Add library="../../../../../opencv/build/lib/libopencv_perf_reg_pch_dephelp.a" />
					<Add library="../../../../../opencv/build/lib/libopencv_test_reg_pch_dephelp.a" />
					<Add library="../../../../../opencv/build/lib/libopencv_reg_pch_dephelp.a" />
					<Add library="../../../../../opencv/build/lib/libopencv_perf_photo_pch_dephelp.a" />
					<Add library="../../../../../opencv/build/lib/libopencv_plot_pch_dephelp.a" />
					<Add library="../../../../../opencv/build/lib/libopencv_test_photo_pch_dephelp.a" />
					<Add library="../../../../../opencv/build/lib/libopencv_test_phase_unwrapping_pch_dephelp.a" />
					<Add library="../../../../../opencv/build/lib/libopencv_photo_pch_dephelp.a" />
					<Add library="../../../../../opencv/build/lib/libopencv_phase_unwrapping_pch_dephelp.a" />
					<Add library="../../../../../opencv/build/lib/libopencv_perf_objdetect_pch_dephelp.a" />
					<Add library="../../../../../opencv/build/lib/libopencv_objdetect_pch_dephelp.a" />
					<Add library="../../../../../opencv/build/lib/libopencv_test_objdetect_pch_dephelp.a" />
					<Add library="../../../../../opencv/build/lib/libopencv_ml_pch_dephelp.a" />
					<Add library="../../../../../opencv/build/lib/libopencv_test_ml_pch_dephelp.a" />
					<Add library="../../../../../opencv/build/lib/libopencv_perf_imgproc_pch_dephelp.a" />
					<Add library="../../../../../opencv/build/lib/libopencv_test_imgproc_pch_dephelp.a" />
					<Add library="../../../../../opencv/build/lib/libopencv_test_hdf_pch_dephelp.a" />
					<Add library="../../../../../opencv/build/lib/libopencv_hdf_pch_dephelp.a" />
					<Add library="../../../../../opencv/build/lib/libopencv_test_flann_pch_dephelp.a" />
					<Add library="../../../../../opencv/build/lib/libopencv_flann_pch_dephelp.a" />
					<Add library="../../../../../opencv/build/lib/libopencv_highgui_pch_dephelp.a" />
					<Add library="../../../../../opencv/build/lib/libopencv_videoio_pch_dephelp.a" />
					<Add library="../../../../../opencv/build/lib/libopencv_imgcodecs_pch_dephelp.a" />
					<Add library="../../../../../opencv/build/lib/libopencv_imgproc_pch_dephelp.a" />
					<Add library="../../../../../opencv/build/lib/libopencv_ts_pch_dephelp.a" />
					<Add library="../../../../../opencv/build/lib/libopencv_test_core_pch_dephelp.a" />
					<Add library="../../../../../opencv/build/lib/libopencv_perf_core_pch_dephelp.a" />
					<Add library="../../../../../opencv/build/lib/libopencv_core_pch_dephelp.a" />
					<Add directory="../../../../../opencv/build/lib" />
				</Linker>
			</Target>
			<Target title="Release">
				<Option output="bin/Release/StereoVision" prefix_auto="1" extension_auto="1" />
				<Option object_output="obj/Release/" />
				<Option type="1" />
				<Option compiler="gcc" />
				<Compiler>
					<Add option="-O2" />
				</Compiler>
				<Linker>
					<Add option="-s" />
				</Linker>
			</Target>
		</Build>
		<Compiler>
			<Add option="-Wall" />
			<Add option="-fexceptions" />
		</Compiler>
		<Unit filename="include/DefStruct.h" />
		<Unit filename="include/StereoMatching.h" />
		<Unit filename="include/StereoVisionForADAS.h" />
		<Unit filename="include/StixelEstimation.h" />
		<Unit filename="include/StixelSegmenation.h" />
		<Unit filename="include/SurfaceNormal.h" />
		<Unit filename="src/StereoMatching.cpp" />
		<Unit filename="src/StereoVisionForADAS.cpp" />
		<Unit filename="src/StixelEstimation.cpp" />
		<Unit filename="src/StixelSegmentation.cpp" />
		<Unit filename="src/main.cpp" />
		<Extensions>
			<code_completion />
			<debugger />
		</Extensions>
	</Project>
</CodeBlocks_project_file>
